// !$*UTF8*$!
{
	archiveVersion = 1;
	classes = {
	};
	objectVersion = 46;
	objects = {

/* Begin PBXBuildFile section */
		823F55AA1D9F060500919D4C /* HalfSizePresentationController.swift in Sources */ = {isa = PBXBuildFile; fileRef = 823F55A91D9F060500919D4C /* HalfSizePresentationController.swift */; };
		823F55AC1D9F985A00919D4C /* SmileyCollectionViewCell.swift in Sources */ = {isa = PBXBuildFile; fileRef = 823F55AB1D9F985A00919D4C /* SmileyCollectionViewCell.swift */; };
		824334B31D994E270072F751 /* AppDelegate.swift in Sources */ = {isa = PBXBuildFile; fileRef = 824334B21D994E270072F751 /* AppDelegate.swift */; };
		824334B61D994E270072F751 /* FacebookMessage.xcdatamodeld in Sources */ = {isa = PBXBuildFile; fileRef = 824334B41D994E270072F751 /* FacebookMessage.xcdatamodeld */; };
		824334B81D994E270072F751 /* MasterViewController.swift in Sources */ = {isa = PBXBuildFile; fileRef = 824334B71D994E270072F751 /* MasterViewController.swift */; };
		824334BA1D994E270072F751 /* DetailViewController.swift in Sources */ = {isa = PBXBuildFile; fileRef = 824334B91D994E270072F751 /* DetailViewController.swift */; };
		824334BD1D994E270072F751 /* Main.storyboard in Resources */ = {isa = PBXBuildFile; fileRef = 824334BB1D994E270072F751 /* Main.storyboard */; };
		824334BF1D994E270072F751 /* Assets.xcassets in Resources */ = {isa = PBXBuildFile; fileRef = 824334BE1D994E270072F751 /* Assets.xcassets */; };
		824334C21D994E270072F751 /* LaunchScreen.storyboard in Resources */ = {isa = PBXBuildFile; fileRef = 824334C01D994E270072F751 /* LaunchScreen.storyboard */; };
		82B2EAA41D9AAFFB00169E67 /* Contacts.json in Resources */ = {isa = PBXBuildFile; fileRef = 82B2EAA31D9AAFFB00169E67 /* Contacts.json */; };
		82B2EAAD1D9ABE4F00169E67 /* Images.xcassets in Resources */ = {isa = PBXBuildFile; fileRef = 82B2EAAB1D9ABE4F00169E67 /* Images.xcassets */; };
		82B2EAAE1D9ABE4F00169E67 /* jsq_messages_sample.m4a in Resources */ = {isa = PBXBuildFile; fileRef = 82B2EAAC1D9ABE4F00169E67 /* jsq_messages_sample.m4a */; };
		82C66C541D9B7920007E46EF /* SmileyCollectionViewController.swift in Sources */ = {isa = PBXBuildFile; fileRef = 82C66C531D9B7920007E46EF /* SmileyCollectionViewController.swift */; };
		E1A216D5315394E4BBD718EC /* Pods_FacebookMessage.framework in Frameworks */ = {isa = PBXBuildFile; fileRef = 4DA0C2986E78C5549BC8F8C4 /* Pods_FacebookMessage.framework */; };
/* End PBXBuildFile section */

/* Begin PBXFileReference section */
		11C03666147EEE21073C84DD /* Pods-FacebookMessage.release.xcconfig */ = {isa = PBXFileReference; includeInIndex = 1; lastKnownFileType = text.xcconfig; name = "Pods-FacebookMessage.release.xcconfig"; path = "Pods/Target Support Files/Pods-FacebookMessage/Pods-FacebookMessage.release.xcconfig"; sourceTree = "<group>"; };
		2560F200E32A07264CAF4B4D /* Pods-FacebookMessage.debug.xcconfig */ = {isa = PBXFileReference; includeInIndex = 1; lastKnownFileType = text.xcconfig; name = "Pods-FacebookMessage.debug.xcconfig"; path = "Pods/Target Support Files/Pods-FacebookMessage/Pods-FacebookMessage.debug.xcconfig"; sourceTree = "<group>"; };
		4DA0C2986E78C5549BC8F8C4 /* Pods_FacebookMessage.framework */ = {isa = PBXFileReference; explicitFileType = wrapper.framework; includeInIndex = 0; path = Pods_FacebookMessage.framework; sourceTree = BUILT_PRODUCTS_DIR; };
		823F55A91D9F060500919D4C /* HalfSizePresentationController.swift */ = {isa = PBXFileReference; fileEncoding = 4; lastKnownFileType = sourcecode.swift; path = HalfSizePresentationController.swift; sourceTree = "<group>"; };
		823F55AB1D9F985A00919D4C /* SmileyCollectionViewCell.swift */ = {isa = PBXFileReference; fileEncoding = 4; lastKnownFileType = sourcecode.swift; path = SmileyCollectionViewCell.swift; sourceTree = "<group>"; };
		824334AF1D994E260072F751 /* FacebookMessage.app */ = {isa = PBXFileReference; explicitFileType = wrapper.application; includeInIndex = 0; path = FacebookMessage.app; sourceTree = BUILT_PRODUCTS_DIR; };
		824334B21D994E270072F751 /* AppDelegate.swift */ = {isa = PBXFileReference; lastKnownFileType = sourcecode.swift; path = AppDelegate.swift; sourceTree = "<group>"; };
		824334B51D994E270072F751 /* FacebookMessage.xcdatamodel */ = {isa = PBXFileReference; lastKnownFileType = wrapper.xcdatamodel; path = FacebookMessage.xcdatamodel; sourceTree = "<group>"; };
		824334B71D994E270072F751 /* MasterViewController.swift */ = {isa = PBXFileReference; lastKnownFileType = sourcecode.swift; path = MasterViewController.swift; sourceTree = "<group>"; };
		824334B91D994E270072F751 /* DetailViewController.swift */ = {isa = PBXFileReference; lastKnownFileType = sourcecode.swift; path = DetailViewController.swift; sourceTree = "<group>"; };
		824334BC1D994E270072F751 /* Base */ = {isa = PBXFileReference; lastKnownFileType = file.storyboard; name = Base; path = Base.lproj/Main.storyboard; sourceTree = "<group>"; };
		824334BE1D994E270072F751 /* Assets.xcassets */ = {isa = PBXFileReference; lastKnownFileType = folder.assetcatalog; path = Assets.xcassets; sourceTree = "<group>"; };
		824334C11D994E270072F751 /* Base */ = {isa = PBXFileReference; lastKnownFileType = file.storyboard; name = Base; path = Base.lproj/LaunchScreen.storyboard; sourceTree = "<group>"; };
		824334C31D994E270072F751 /* Info.plist */ = {isa = PBXFileReference; lastKnownFileType = text.plist.xml; path = Info.plist; sourceTree = "<group>"; };
		82B2EAA31D9AAFFB00169E67 /* Contacts.json */ = {isa = PBXFileReference; fileEncoding = 4; lastKnownFileType = text.json; path = Contacts.json; sourceTree = "<group>"; };
		82B2EAAB1D9ABE4F00169E67 /* Images.xcassets */ = {isa = PBXFileReference; lastKnownFileType = folder.assetcatalog; path = Images.xcassets; sourceTree = "<group>"; };
		82B2EAAC1D9ABE4F00169E67 /* jsq_messages_sample.m4a */ = {isa = PBXFileReference; lastKnownFileType = file; path = jsq_messages_sample.m4a; sourceTree = "<group>"; };
		82C66C531D9B7920007E46EF /* SmileyCollectionViewController.swift */ = {isa = PBXFileReference; fileEncoding = 4; lastKnownFileType = sourcecode.swift; path = SmileyCollectionViewController.swift; sourceTree = "<group>"; };
/* End PBXFileReference section */

/* Begin PBXFrameworksBuildPhase section */
		824334AC1D994E260072F751 /* Frameworks */ = {
			isa = PBXFrameworksBuildPhase;
			buildActionMask = 2147483647;
			files = (
				E1A216D5315394E4BBD718EC /* Pods_FacebookMessage.framework in Frameworks */,
			);
			runOnlyForDeploymentPostprocessing = 0;
		};
/* End PBXFrameworksBuildPhase section */

/* Begin PBXGroup section */
		7C7B9926035E8096AAECE03E /* Frameworks */ = {
			isa = PBXGroup;
			children = (
				4DA0C2986E78C5549BC8F8C4 /* Pods_FacebookMessage.framework */,
			);
			name = Frameworks;
			sourceTree = "<group>";
		};
		80DBBDAF664AB442D6D1BF66 /* Pods */ = {
			isa = PBXGroup;
			children = (
				2560F200E32A07264CAF4B4D /* Pods-FacebookMessage.debug.xcconfig */,
				11C03666147EEE21073C84DD /* Pods-FacebookMessage.release.xcconfig */,
			);
			name = Pods;
			sourceTree = "<group>";
		};
		823F55AD1D9FB72800919D4C /* Smiley Image Classes */ = {
			isa = PBXGroup;
			children = (
				823F55A91D9F060500919D4C /* HalfSizePresentationController.swift */,
				82C66C531D9B7920007E46EF /* SmileyCollectionViewController.swift */,
				823F55AB1D9F985A00919D4C /* SmileyCollectionViewCell.swift */,
			);
			name = "Smiley Image Classes";
			sourceTree = "<group>";
		};
		824334A61D994E260072F751 = {
			isa = PBXGroup;
			children = (
				824334B11D994E260072F751 /* FacebookMessage */,
				824334B01D994E260072F751 /* Products */,
				80DBBDAF664AB442D6D1BF66 /* Pods */,
				7C7B9926035E8096AAECE03E /* Frameworks */,
			);
			sourceTree = "<group>";
		};
		824334B01D994E260072F751 /* Products */ = {
			isa = PBXGroup;
			children = (
				824334AF1D994E260072F751 /* FacebookMessage.app */,
			);
			name = Products;
			sourceTree = "<group>";
		};
		824334B11D994E260072F751 /* FacebookMessage */ = {
			isa = PBXGroup;
			children = (
				823F55AD1D9FB72800919D4C /* Smiley Image Classes */,
				824334B21D994E270072F751 /* AppDelegate.swift */,
				824334B71D994E270072F751 /* MasterViewController.swift */,
				824334B91D994E270072F751 /* DetailViewController.swift */,
				824334BB1D994E270072F751 /* Main.storyboard */,
				824334BE1D994E270072F751 /* Assets.xcassets */,
				82B2EAAB1D9ABE4F00169E67 /* Images.xcassets */,
				82B2EAAC1D9ABE4F00169E67 /* jsq_messages_sample.m4a */,
				824334C01D994E270072F751 /* LaunchScreen.storyboard */,
				82B2EAA31D9AAFFB00169E67 /* Contacts.json */,
				824334C31D994E270072F751 /* Info.plist */,
				824334B41D994E270072F751 /* FacebookMessage.xcdatamodeld */,
			);
			path = FacebookMessage;
			sourceTree = "<group>";
		};
/* End PBXGroup section */

/* Begin PBXNativeTarget section */
		824334AE1D994E260072F751 /* FacebookMessage */ = {
			isa = PBXNativeTarget;
			buildConfigurationList = 824334C61D994E270072F751 /* Build configuration list for PBXNativeTarget "FacebookMessage" */;
			buildPhases = (
				4F338A63551C5980E52AF88E /* [CP] Check Pods Manifest.lock */,
				824334AB1D994E260072F751 /* Sources */,
				824334AC1D994E260072F751 /* Frameworks */,
				824334AD1D994E260072F751 /* Resources */,
				1B41941C78822801C4D5ADE2 /* [CP] Embed Pods Frameworks */,
				2A4E62A7A0221823BD638EEC /* [CP] Copy Pods Resources */,
			);
			buildRules = (
			);
			dependencies = (
			);
			name = FacebookMessage;
			productName = FacebookMessage;
			productReference = 824334AF1D994E260072F751 /* FacebookMessage.app */;
			productType = "com.apple.product-type.application";
		};
/* End PBXNativeTarget section */

/* Begin PBXProject section */
		824334A71D994E260072F751 /* Project object */ = {
			isa = PBXProject;
			attributes = {
				LastSwiftUpdateCheck = 0730;
				LastUpgradeCheck = 0730;
				ORGANIZATIONNAME = Swarup_Pattnaik;
				TargetAttributes = {
					824334AE1D994E260072F751 = {
						CreatedOnToolsVersion = 7.3.1;
					};
				};
			};
			buildConfigurationList = 824334AA1D994E260072F751 /* Build configuration list for PBXProject "FacebookMessage" */;
			compatibilityVersion = "Xcode 3.2";
			developmentRegion = English;
			hasScannedForEncodings = 0;
			knownRegions = (
				en,
				Base,
			);
			mainGroup = 824334A61D994E260072F751;
			productRefGroup = 824334B01D994E260072F751 /* Products */;
			projectDirPath = "";
			projectRoot = "";
			targets = (
				824334AE1D994E260072F751 /* FacebookMessage */,
			);
		};
/* End PBXProject section */

/* Begin PBXResourcesBuildPhase section */
		824334AD1D994E260072F751 /* Resources */ = {
			isa = PBXResourcesBuildPhase;
			buildActionMask = 2147483647;
			files = (
				82B2EAA41D9AAFFB00169E67 /* Contacts.json in Resources */,
				82B2EAAD1D9ABE4F00169E67 /* Images.xcassets in Resources */,
				824334C21D994E270072F751 /* LaunchScreen.storyboard in Resources */,
				824334BF1D994E270072F751 /* Assets.xcassets in Resources */,
				824334BD1D994E270072F751 /* Main.storyboard in Resources */,
				82B2EAAE1D9ABE4F00169E67 /* jsq_messages_sample.m4a in Resources */,
			);
			runOnlyForDeploymentPostprocessing = 0;
		};
/* End PBXResourcesBuildPhase section */

/* Begin PBXShellScriptBuildPhase section */
		1B41941C78822801C4D5ADE2 /* [CP] Embed Pods Frameworks */ = {
			isa = PBXShellScriptBuildPhase;
			buildActionMask = 2147483647;
			files = (
			);
			inputPaths = (
			);
			name = "[CP] Embed Pods Frameworks";
			outputPaths = (
			);
			runOnlyForDeploymentPostprocessing = 0;
			shellPath = /bin/sh;
			shellScript = "\"${SRCROOT}/Pods/Target Support Files/Pods-FacebookMessage/Pods-FacebookMessage-frameworks.sh\"\n";
			showEnvVarsInLog = 0;
		};
		2A4E62A7A0221823BD638EEC /* [CP] Copy Pods Resources */ = {
			isa = PBXShellScriptBuildPhase;
			buildActionMask = 2147483647;
			files = (
			);
			inputPaths = (
			);
			name = "[CP] Copy Pods Resources";
			outputPaths = (
			);
			runOnlyForDeploymentPostprocessing = 0;
			shellPath = /bin/sh;
			shellScript = "\"${SRCROOT}/Pods/Target Support Files/Pods-FacebookMessage/Pods-FacebookMessage-resources.sh\"\n";
			showEnvVarsInLog = 0;
		};
		4F338A63551C5980E52AF88E /* [CP] Check Pods Manifest.lock */ = {
			isa = PBXShellScriptBuildPhase;
			buildActionMask = 2147483647;
			files = (
			);
			inputPaths = (
			);
			name = "[CP] Check Pods Manifest.lock";
			outputPaths = (
			);
			runOnlyForDeploymentPostprocessing = 0;
			shellPath = /bin/sh;
			shellScript = "diff \"${PODS_ROOT}/../Podfile.lock\" \"${PODS_ROOT}/Manifest.lock\" > /dev/null\nif [[ $? != 0 ]] ; then\n    cat << EOM\nerror: The sandbox is not in sync with the Podfile.lock. Run 'pod install' or update your CocoaPods installation.\nEOM\n    exit 1\nfi\n";
			showEnvVarsInLog = 0;
		};
/* End PBXShellScriptBuildPhase section */

/* Begin PBXSourcesBuildPhase section */
		824334AB1D994E260072F751 /* Sources */ = {
			isa = PBXSourcesBuildPhase;
			buildActionMask = 2147483647;
			files = (
				824334B31D994E270072F751 /* AppDelegate.swift in Sources */,
				823F55AA1D9F060500919D4C /* HalfSizePresentationController.swift in Sources */,
				824334B61D994E270072F751 /* FacebookMessage.xcdatamodeld in Sources */,
				824334B81D994E270072F751 /* MasterViewController.swift in Sources */,
				823F55AC1D9F985A00919D4C /* SmileyCollectionViewCell.swift in Sources */,
				82C66C541D9B7920007E46EF /* SmileyCollectionViewController.swift in Sources */,
				824334BA1D994E270072F751 /* DetailViewController.swift in Sources */,
			);
			runOnlyForDeploymentPostprocessing = 0;
		};
/* End PBXSourcesBuildPhase section */

/* Begin PBXVariantGroup section */
		824334BB1D994E270072F751 /* Main.storyboard */ = {
			isa = PBXVariantGroup;
			children = (
				824334BC1D994E270072F751 /* Base */,
			);
			name = Main.storyboard;
			sourceTree = "<group>";
		};
		824334C01D994E270072F751 /* LaunchScreen.storyboard */ = {
			isa = PBXVariantGroup;
			children = (
				824334C11D994E270072F751 /* Base */,
			);
			name = LaunchScreen.storyboard;
			sourceTree = "<group>";
		};
/* End PBXVariantGroup section */

/* Begin XCBuildConfiguration section */
		824334C41D994E270072F751 /* Debug */ = {
			isa = XCBuildConfiguration;
			buildSettings = {
				ALWAYS_SEARCH_USER_PATHS = NO;
				CLANG_ANALYZER_NONNULL = YES;
				CLANG_CXX_LANGUAGE_STANDARD = "gnu++0x";
				CLANG_CXX_LIBRARY = "libc++";
				CLANG_ENABLE_MODULES = YES;
				CLANG_ENABLE_OBJC_ARC = YES;
				CLANG_WARN_BOOL_CONVERSION = YES;
				CLANG_WARN_CONSTANT_CONVERSION = YES;
				CLANG_WARN_DIRECT_OBJC_ISA_USAGE = YES_ERROR;
				CLANG_WARN_EMPTY_BODY = YES;
				CLANG_WARN_ENUM_CONVERSION = YES;
				CLANG_WARN_INT_CONVERSION = YES;
				CLANG_WARN_OBJC_ROOT_CLASS = YES_ERROR;
				CLANG_WARN_UNREACHABLE_CODE = YES;
				CLANG_WARN__DUPLICATE_METHOD_MATCH = YES;
				"CODE_SIGN_IDENTITY[sdk=iphoneos*]" = "iPhone Developer";
				COPY_PHASE_STRIP = NO;
				DEBUG_INFORMATION_FORMAT = dwarf;
				ENABLE_STRICT_OBJC_MSGSEND = YES;
				ENABLE_TESTABILITY = YES;
				GCC_C_LANGUAGE_STANDARD = gnu99;
				GCC_DYNAMIC_NO_PIC = NO;
				GCC_NO_COMMON_BLOCKS = YES;
				GCC_OPTIMIZATION_LEVEL = 0;
				GCC_PREPROCESSOR_DEFINITIONS = (
					"DEBUG=1",
					"$(inherited)",
				);
				GCC_WARN_64_TO_32_BIT_CONVERSION = YES;
				GCC_WARN_ABOUT_RETURN_TYPE = YES_ERROR;
				GCC_WARN_UNDECLARED_SELECTOR = YES;
				GCC_WARN_UNINITIALIZED_AUTOS = YES_AGGRESSIVE;
				GCC_WARN_UNUSED_FUNCTION = YES;
				GCC_WARN_UNUSED_VARIABLE = YES;
				IPHONEOS_DEPLOYMENT_TARGET = 9.3;
				MTL_ENABLE_DEBUG_INFO = YES;
				ONLY_ACTIVE_ARCH = YES;
				SDKROOT = iphoneos;
				SWIFT_OPTIMIZATION_LEVEL = "-Onone";
				TARGETED_DEVICE_FAMILY = "1,2";
			};
			name = Debug;
		};
		824334C51D994E270072F751 /* Release */ = {
			isa = XCBuildConfiguration;
			buildSettings = {
				ALWAYS_SEARCH_USER_PATHS = NO;
				CLANG_ANALYZER_NONNULL = YES;
				CLANG_CXX_LANGUAGE_STANDARD = "gnu++0x";
				CLANG_CXX_LIBRARY = "libc++";
				CLANG_ENABLE_MODULES = YES;
				CLANG_ENABLE_OBJC_ARC = YES;
				CLANG_WARN_BOOL_CONVERSION = YES;
				CLANG_WARN_CONSTANT_CONVERSION = YES;
				CLANG_WARN_DIRECT_OBJC_ISA_USAGE = YES_ERROR;
				CLANG_WARN_EMPTY_BODY = YES;
				CLANG_WARN_ENUM_CONVERSION = YES;
				CLANG_WARN_INT_CONVERSION = YES;
				CLANG_WARN_OBJC_ROOT_CLASS = YES_ERROR;
				CLANG_WARN_UNREACHABLE_CODE = YES;
				CLANG_WARN__DUPLICATE_METHOD_MATCH = YES;
				"CODE_SIGN_IDENTITY[sdk=iphoneos*]" = "iPhone Developer";
				COPY_PHASE_STRIP = NO;
				DEBUG_INFORMATION_FORMAT = "dwarf-with-dsym";
				ENABLE_NS_ASSERTIONS = NO;
				ENABLE_STRICT_OBJC_MSGSEND = YES;
				GCC_C_LANGUAGE_STANDARD = gnu99;
				GCC_NO_COMMON_BLOCKS = YES;
				GCC_WARN_64_TO_32_BIT_CONVERSION = YES;
				GCC_WARN_ABOUT_RETURN_TYPE = YES_ERROR;
				GCC_WARN_UNDECLARED_SELECTOR = YES;
				GCC_WARN_UNINITIALIZED_AUTOS = YES_AGGRESSIVE;
				GCC_WARN_UNUSED_FUNCTION = YES;
				GCC_WARN_UNUSED_VARIABLE = YES;
				IPHONEOS_DEPLOYMENT_TARGET = 9.3;
				MTL_ENABLE_DEBUG_INFO = NO;
				SDKROOT = iphoneos;
				TARGETED_DEVICE_FAMILY = "1,2";
				VALIDATE_PRODUCT = YES;
			};
			name = Release;
		};
		824334C71D994E270072F751 /* Debug */ = {
			isa = XCBuildConfiguration;
			baseConfigurationReference = 2560F200E32A07264CAF4B4D /* Pods-FacebookMessage.debug.xcconfig */;
			buildSettings = {
				ASSETCATALOG_COMPILER_APPICON_NAME = AppIcon;
				INFOPLIST_FILE = FacebookMessage/Info.plist;
				LD_RUNPATH_SEARCH_PATHS = "$(inherited) @executable_path/Frameworks";
				PRODUCT_BUNDLE_IDENTIFIER = com.SP.FacebookMessage;
				PRODUCT_NAME = "$(TARGET_NAME)";
			};
			name = Debug;
		};
		824334C81D994E270072F751 /* Release */ = {
			isa = XCBuildConfiguration;
			baseConfigurationReference = 11C03666147EEE21073C84DD /* Pods-FacebookMessage.release.xcconfig */;
			buildSettings = {
				ASSETCATALOG_COMPILER_APPICON_NAME = AppIcon;
				INFOPLIST_FILE = FacebookMessage/Info.plist;
				LD_RUNPATH_SEARCH_PATHS = "$(inherited) @executable_path/Frameworks";
				PRODUCT_BUNDLE_IDENTIFIER = com.SP.FacebookMessage;
				PRODUCT_NAME = "$(TARGET_NAME)";
			};
			name = Release;
		};
/* End XCBuildConfiguration section */

/* Begin XCConfigurationList section */
		824334AA1D994E260072F751 /* Build configuration list for PBXProject "FacebookMessage" */ = {
			isa = XCConfigurationList;
			buildConfigurations = (
				824334C41D994E270072F751 /* Debug */,
				824334C51D994E270072F751 /* Release */,
			);
			defaultConfigurationIsVisible = 0;
			defaultConfigurationName = Release;
		};
		824334C61D994E270072F751 /* Build configuration list for PBXNativeTarget "FacebookMessage" */ = {
			isa = XCConfigurationList;
			buildConfigurations = (
				824334C71D994E270072F751 /* Debug */,
				824334C81D994E270072F751 /* Release */,
			);
			defaultConfigurationIsVisible = 0;
			defaultConfigurationName = Release;
		};
/* End XCConfigurationList section */

/* Begin XCVersionGroup section */
		824334B41D994E270072F751 /* FacebookMessage.xcdatamodeld */ = {
			isa = XCVersionGroup;
			children = (
				824334B51D994E270072F751 /* FacebookMessage.xcdatamodel */,
			);
			currentVersion = 824334B51D994E270072F751 /* FacebookMessage.xcdatamodel */;
			path = FacebookMessage.xcdatamodeld;
			sourceTree = "<group>";
			versionGroupType = wrapper.xcdatamodel;
		};
/* End XCVersionGroup section */
	};
	rootObject = 824334A71D994E260072F751 /* Project object */;
}
